
Microsoft Visual Studio Solution File, Format Version 12.00
# Visual Studio Version 17
VisualStudioVersion = 17.8.34511.84
MinimumVisualStudioVersion = 10.0.40219.1
Project("{FAE04EC0-301F-11D3-BF4B-00C04F79EFBC}") = "AnggapSajaAPI", "AnggapSajaAPI\AnggapSajaAPI.csproj", "{E98747A4-82A7-4BD9-B466-23E7A2FE962E}"
EndProject
Project("{FAE04EC0-301F-11D3-BF4B-00C04F79EFBC}") = "AnggapSajaTest", "AnggapSajaTest\AnggapSajaTest.csproj", "{A2A5C8AC-37F9-4CBF-BDEF-C0F7974AF138}"
EndProject
Global
	GlobalSection(SolutionConfigurationPlatforms) = preSolution
		Debug|Any CPU = Debug|Any CPU
		Release|Any CPU = Release|Any CPU
	EndGlobalSection
	GlobalSection(ProjectConfigurationPlatforms) = postSolution
		{E98747A4-82A7-4BD9-B466-23E7A2FE962E}.Debug|Any CPU.ActiveCfg = Debug|Any CPU
		{E98747A4-82A7-4BD9-B466-23E7A2FE962E}.Debug|Any CPU.Build.0 = Debug|Any CPU
		{E98747A4-82A7-4BD9-B466-23E7A2FE962E}.Release|Any CPU.ActiveCfg = Release|Any CPU
		{E98747A4-82A7-4BD9-B466-23E7A2FE962E}.Release|Any CPU.Build.0 = Release|Any CPU
		{A2A5C8AC-37F9-4CBF-BDEF-C0F7974AF138}.Debug|Any CPU.ActiveCfg = Debug|Any CPU
		{A2A5C8AC-37F9-4CBF-BDEF-C0F7974AF138}.Debug|Any CPU.Build.0 = Debug|Any CPU
		{A2A5C8AC-37F9-4CBF-BDEF-C0F7974AF138}.Release|Any CPU.ActiveCfg = Release|Any CPU
		{A2A5C8AC-37F9-4CBF-BDEF-C0F7974AF138}.Release|Any CPU.Build.0 = Release|Any CPU
	EndGlobalSection
	GlobalSection(SolutionProperties) = preSolution
		HideSolutionNode = FALSE
	EndGlobalSection
	GlobalSection(ExtensibilityGlobals) = postSolution
		SolutionGuid = {85A9B651-458C-49F4-B012-F8DDB9E0578C}
	EndGlobalSection
EndGlobal
